PODS:
  - Masonry (1.1.0)
  - ZYSheetController (1.0.0):
    - Masonry

DEPENDENCIES:
  - Masonry
  - ZYSheetController (from `../`)

SPEC REPOS:
  trunk:
    - Masonry

EXTERNAL SOURCES:
  ZYSheetController:
    :path: "../"

SPEC CHECKSUMS:
  Masonry: 678fab65091a9290e40e2832a55e7ab731aad201
  ZYSheetController: ef9263f2bdf519b476b704a1ee62e8d3d9f0ca49

PODFILE CHECKSUM: 372a47d60413a5c7d9a938080bd94d52a395ab20

COCOAPODS: 1.8.4
